
Microsoft Visual Studio Solution File, Format Version 12.00
# Visual Studio Version 17
VisualStudioVersion = 17.6.33829.357
MinimumVisualStudioVersion = 10.0.40219.1
Project("{FAE04EC0-301F-11D3-BF4B-00C04F79EFBC}") = "dotnet-wasm-rename-icu", "dotnet-wasm-rename-icu.csproj", "{96EBD49B-2920-48DC-AD6B-EAC122A0E193}"
EndProject
Global
	GlobalSection(SolutionConfigurationPlatforms) = preSolution
		Debug|Any CPU = Debug|Any CPU
		Release|Any CPU = Release|Any CPU
	EndGlobalSection
	GlobalSection(ProjectConfigurationPlatforms) = postSolution
		{96EBD49B-2920-48DC-AD6B-EAC122A0E193}.Debug|Any CPU.ActiveCfg = Debug|Any CPU
		{96EBD49B-2920-48DC-AD6B-EAC122A0E193}.Debug|Any CPU.Build.0 = Debug|Any CPU
		{96EBD49B-2920-48DC-AD6B-EAC122A0E193}.Release|Any CPU.ActiveCfg = Release|Any CPU
		{96EBD49B-2920-48DC-AD6B-EAC122A0E193}.Release|Any CPU.Build.0 = Release|Any CPU
	EndGlobalSection
	GlobalSection(SolutionProperties) = preSolution
		HideSolutionNode = FALSE
	EndGlobalSection
	GlobalSection(ExtensibilityGlobals) = postSolution
		SolutionGuid = {ED2520F5-EBC3-4DB3-BC00-BB782687AAA8}
	EndGlobalSection
EndGlobal
